// !$*UTF8*$!
{
	archiveVersion = 1;
	classes = {
	};
	objectVersion = 46;
	objects = {

/* Begin PBXBuildFile section */
		001FF5FE1E4E1625003B35A8 /* LTCommon.m in Sources */ = {isa = PBXBuildFile; fileRef = 001FF5F11E4E1625003B35A8 /* LTCommon.m */; };
		001FF5FF1E4E1625003B35A8 /* NSArray+Extension.m in Sources */ = {isa = PBXBuildFile; fileRef = 001FF5F31E4E1625003B35A8 /* NSArray+Extension.m */; };
		001FF6001E4E1625003B35A8 /* NSData+Extension.m in Sources */ = {isa = PBXBuildFile; fileRef = 001FF5F51E4E1625003B35A8 /* NSData+Extension.m */; };
		001FF6011E4E1625003B35A8 /* NSDate+Extension.m in Sources */ = {isa = PBXBuildFile; fileRef = 001FF5F71E4E1625003B35A8 /* NSDate+Extension.m */; };
		001FF6021E4E1625003B35A8 /* NSObject+Extension.m in Sources */ = {isa = PBXBuildFile; fileRef = 001FF5F91E4E1625003B35A8 /* NSObject+Extension.m */; };
		001FF6031E4E1625003B35A8 /* NSString+Extension.m in Sources */ = {isa = PBXBuildFile; fileRef = 001FF5FB1E4E1625003B35A8 /* NSString+Extension.m */; };
		001FF6041E4E1625003B35A8 /* UIImageView+Extension.m in Sources */ = {isa = PBXBuildFile; fileRef = 001FF5FD1E4E1625003B35A8 /* UIImageView+Extension.m */; };
		004D00461E5357E000FA1638 /* Tag.m in Sources */ = {isa = PBXBuildFile; fileRef = 004D00451E5357E000FA1638 /* Tag.m */; };
		004D00491E535E1100FA1638 /* LTSelectTagsVc.m in Sources */ = {isa = PBXBuildFile; fileRef = 004D00481E535E1100FA1638 /* LTSelectTagsVc.m */; };
		0059142B1E4DB1CD00375902 /* MBProgressHUD.m in Sources */ = {isa = PBXBuildFile; fileRef = 0059142A1E4DB1CD00375902 /* MBProgressHUD.m */; };
		0059142F1E4DC76C00375902 /* LTInputInfoVc.m in Sources */ = {isa = PBXBuildFile; fileRef = 0059142E1E4DC76C00375902 /* LTInputInfoVc.m */; };
		009743D31E4CBF930042E6CD /* LTRegisterVc.m in Sources */ = {isa = PBXBuildFile; fileRef = 009743D21E4CBF930042E6CD /* LTRegisterVc.m */; };
		5C4418811E543A1D00D402AF /* LTSelectTagCell.m in Sources */ = {isa = PBXBuildFile; fileRef = 5C4418801E543A1D00D402AF /* LTSelectTagCell.m */; };
		5C47ED311E4C006500716D49 /* LTLoginNc.m in Sources */ = {isa = PBXBuildFile; fileRef = 5C47ED301E4C006500716D49 /* LTLoginNc.m */; };
		5C47ED341E4C073200716D49 /* LTVc.m in Sources */ = {isa = PBXBuildFile; fileRef = 5C47ED331E4C073200716D49 /* LTVc.m */; };
		5C47ED381E4C314200716D49 /* LTNc.m in Sources */ = {isa = PBXBuildFile; fileRef = 5C47ED371E4C314200716D49 /* LTNc.m */; };
		5C47ED3B1E4C32E300716D49 /* LTLoginVc.m in Sources */ = {isa = PBXBuildFile; fileRef = 5C47ED3A1E4C32E300716D49 /* LTLoginVc.m */; };
		5C49DB1C1E4AE5E600E72541 /* main.m in Sources */ = {isa = PBXBuildFile; fileRef = 5C49DB1B1E4AE5E600E72541 /* main.m */; };
		5C49DB1F1E4AE5E600E72541 /* AppDelegate.m in Sources */ = {isa = PBXBuildFile; fileRef = 5C49DB1E1E4AE5E600E72541 /* AppDelegate.m */; };
		5C49DB221E4AE5E600E72541 /* ViewController.m in Sources */ = {isa = PBXBuildFile; fileRef = 5C49DB211E4AE5E600E72541 /* ViewController.m */; };
		5C49DB251E4AE5E600E72541 /* Main.storyboard in Resources */ = {isa = PBXBuildFile; fileRef = 5C49DB231E4AE5E600E72541 /* Main.storyboard */; };
		5C49DB271E4AE5E600E72541 /* Assets.xcassets in Resources */ = {isa = PBXBuildFile; fileRef = 5C49DB261E4AE5E600E72541 /* Assets.xcassets */; };
		5C49DB2A1E4AE5E600E72541 /* LaunchScreen.storyboard in Resources */ = {isa = PBXBuildFile; fileRef = 5C49DB281E4AE5E600E72541 /* LaunchScreen.storyboard */; };
		5C49DB351E4AE7F600E72541 /* AVOSCloud.framework in Frameworks */ = {isa = PBXBuildFile; fileRef = 5C49DB341E4AE7F600E72541 /* AVOSCloud.framework */; };
		5C49DB381E4AE9A400E72541 /* libsqlite3.tbd in Frameworks */ = {isa = PBXBuildFile; fileRef = 5C49DB371E4AE9A400E72541 /* libsqlite3.tbd */; };
		5C49DB421E4AEB1500E72541 /* libicucore.tbd in Frameworks */ = {isa = PBXBuildFile; fileRef = 5C49DB411E4AEB1500E72541 /* libicucore.tbd */; };
		5C49DB4B1E4B03C300E72541 /* User.m in Sources */ = {isa = PBXBuildFile; fileRef = 5C49DB4A1E4B03C300E72541 /* User.m */; };
/* End PBXBuildFile section */

/* Begin PBXFileReference section */
		001FF5F01E4E1625003B35A8 /* LTCommon.h */ = {isa = PBXFileReference; fileEncoding = 4; lastKnownFileType = sourcecode.c.h; path = LTCommon.h; sourceTree = "<group>"; };
		001FF5F11E4E1625003B35A8 /* LTCommon.m */ = {isa = PBXFileReference; fileEncoding = 4; lastKnownFileType = sourcecode.c.objc; path = LTCommon.m; sourceTree = "<group>"; };
		001FF5F21E4E1625003B35A8 /* NSArray+Extension.h */ = {isa = PBXFileReference; fileEncoding = 4; lastKnownFileType = sourcecode.c.h; path = "NSArray+Extension.h"; sourceTree = "<group>"; };
		001FF5F31E4E1625003B35A8 /* NSArray+Extension.m */ = {isa = PBXFileReference; fileEncoding = 4; lastKnownFileType = sourcecode.c.objc; path = "NSArray+Extension.m"; sourceTree = "<group>"; };
		001FF5F41E4E1625003B35A8 /* NSData+Extension.h */ = {isa = PBXFileReference; fileEncoding = 4; lastKnownFileType = sourcecode.c.h; path = "NSData+Extension.h"; sourceTree = "<group>"; };
		001FF5F51E4E1625003B35A8 /* NSData+Extension.m */ = {isa = PBXFileReference; fileEncoding = 4; lastKnownFileType = sourcecode.c.objc; path = "NSData+Extension.m"; sourceTree = "<group>"; };
		001FF5F61E4E1625003B35A8 /* NSDate+Extension.h */ = {isa = PBXFileReference; fileEncoding = 4; lastKnownFileType = sourcecode.c.h; path = "NSDate+Extension.h"; sourceTree = "<group>"; };
		001FF5F71E4E1625003B35A8 /* NSDate+Extension.m */ = {isa = PBXFileReference; fileEncoding = 4; lastKnownFileType = sourcecode.c.objc; path = "NSDate+Extension.m"; sourceTree = "<group>"; };
		001FF5F81E4E1625003B35A8 /* NSObject+Extension.h */ = {isa = PBXFileReference; fileEncoding = 4; lastKnownFileType = sourcecode.c.h; path = "NSObject+Extension.h"; sourceTree = "<group>"; };
		001FF5F91E4E1625003B35A8 /* NSObject+Extension.m */ = {isa = PBXFileReference; fileEncoding = 4; lastKnownFileType = sourcecode.c.objc; path = "NSObject+Extension.m"; sourceTree = "<group>"; };
		001FF5FA1E4E1625003B35A8 /* NSString+Extension.h */ = {isa = PBXFileReference; fileEncoding = 4; lastKnownFileType = sourcecode.c.h; path = "NSString+Extension.h"; sourceTree = "<group>"; };
		001FF5FB1E4E1625003B35A8 /* NSString+Extension.m */ = {isa = PBXFileReference; fileEncoding = 4; lastKnownFileType = sourcecode.c.objc; path = "NSString+Extension.m"; sourceTree = "<group>"; };
		001FF5FC1E4E1625003B35A8 /* UIImageView+Extension.h */ = {isa = PBXFileReference; fileEncoding = 4; lastKnownFileType = sourcecode.c.h; path = "UIImageView+Extension.h"; sourceTree = "<group>"; };
		001FF5FD1E4E1625003B35A8 /* UIImageView+Extension.m */ = {isa = PBXFileReference; fileEncoding = 4; lastKnownFileType = sourcecode.c.objc; path = "UIImageView+Extension.m"; sourceTree = "<group>"; };
		004D00441E5357E000FA1638 /* Tag.h */ = {isa = PBXFileReference; fileEncoding = 4; lastKnownFileType = sourcecode.c.h; path = Tag.h; sourceTree = "<group>"; };
		004D00451E5357E000FA1638 /* Tag.m */ = {isa = PBXFileReference; fileEncoding = 4; lastKnownFileType = sourcecode.c.objc; path = Tag.m; sourceTree = "<group>"; };
		004D00471E535E1100FA1638 /* LTSelectTagsVc.h */ = {isa = PBXFileReference; fileEncoding = 4; lastKnownFileType = sourcecode.c.h; path = LTSelectTagsVc.h; sourceTree = "<group>"; };
		004D00481E535E1100FA1638 /* LTSelectTagsVc.m */ = {isa = PBXFileReference; fileEncoding = 4; lastKnownFileType = sourcecode.c.objc; path = LTSelectTagsVc.m; sourceTree = "<group>"; };
		005914291E4DB1CD00375902 /* MBProgressHUD.h */ = {isa = PBXFileReference; fileEncoding = 4; lastKnownFileType = sourcecode.c.h; path = MBProgressHUD.h; sourceTree = "<group>"; };
		0059142A1E4DB1CD00375902 /* MBProgressHUD.m */ = {isa = PBXFileReference; fileEncoding = 4; lastKnownFileType = sourcecode.c.objc; path = MBProgressHUD.m; sourceTree = "<group>"; };
		0059142D1E4DC76C00375902 /* LTInputInfoVc.h */ = {isa = PBXFileReference; fileEncoding = 4; lastKnownFileType = sourcecode.c.h; path = LTInputInfoVc.h; sourceTree = "<group>"; };
		0059142E1E4DC76C00375902 /* LTInputInfoVc.m */ = {isa = PBXFileReference; fileEncoding = 4; lastKnownFileType = sourcecode.c.objc; path = LTInputInfoVc.m; sourceTree = "<group>"; };
		009743D11E4CBF930042E6CD /* LTRegisterVc.h */ = {isa = PBXFileReference; fileEncoding = 4; lastKnownFileType = sourcecode.c.h; path = LTRegisterVc.h; sourceTree = "<group>"; };
		009743D21E4CBF930042E6CD /* LTRegisterVc.m */ = {isa = PBXFileReference; fileEncoding = 4; lastKnownFileType = sourcecode.c.objc; path = LTRegisterVc.m; sourceTree = "<group>"; };
		5C44187E1E54216A00D402AF /* Model.h */ = {isa = PBXFileReference; lastKnownFileType = sourcecode.c.h; path = Model.h; sourceTree = "<group>"; };
		5C44187F1E543A1D00D402AF /* LTSelectTagCell.h */ = {isa = PBXFileReference; fileEncoding = 4; lastKnownFileType = sourcecode.c.h; path = LTSelectTagCell.h; sourceTree = "<group>"; };
		5C4418801E543A1D00D402AF /* LTSelectTagCell.m */ = {isa = PBXFileReference; fileEncoding = 4; lastKnownFileType = sourcecode.c.objc; path = LTSelectTagCell.m; sourceTree = "<group>"; };
		5C47ED2F1E4C006500716D49 /* LTLoginNc.h */ = {isa = PBXFileReference; fileEncoding = 4; lastKnownFileType = sourcecode.c.h; path = LTLoginNc.h; sourceTree = "<group>"; };
		5C47ED301E4C006500716D49 /* LTLoginNc.m */ = {isa = PBXFileReference; fileEncoding = 4; lastKnownFileType = sourcecode.c.objc; path = LTLoginNc.m; sourceTree = "<group>"; };
		5C47ED321E4C073200716D49 /* LTVc.h */ = {isa = PBXFileReference; fileEncoding = 4; lastKnownFileType = sourcecode.c.h; path = LTVc.h; sourceTree = "<group>"; };
		5C47ED331E4C073200716D49 /* LTVc.m */ = {isa = PBXFileReference; fileEncoding = 4; lastKnownFileType = sourcecode.c.objc; path = LTVc.m; sourceTree = "<group>"; };
		5C47ED361E4C314200716D49 /* LTNc.h */ = {isa = PBXFileReference; fileEncoding = 4; lastKnownFileType = sourcecode.c.h; path = LTNc.h; sourceTree = "<group>"; };
		5C47ED371E4C314200716D49 /* LTNc.m */ = {isa = PBXFileReference; fileEncoding = 4; lastKnownFileType = sourcecode.c.objc; path = LTNc.m; sourceTree = "<group>"; };
		5C47ED391E4C32E300716D49 /* LTLoginVc.h */ = {isa = PBXFileReference; fileEncoding = 4; lastKnownFileType = sourcecode.c.h; path = LTLoginVc.h; sourceTree = "<group>"; };
		5C47ED3A1E4C32E300716D49 /* LTLoginVc.m */ = {isa = PBXFileReference; fileEncoding = 4; lastKnownFileType = sourcecode.c.objc; path = LTLoginVc.m; sourceTree = "<group>"; };
		5C49DB171E4AE5E600E72541 /* lt.app */ = {isa = PBXFileReference; explicitFileType = wrapper.application; includeInIndex = 0; path = lt.app; sourceTree = BUILT_PRODUCTS_DIR; };
		5C49DB1B1E4AE5E600E72541 /* main.m */ = {isa = PBXFileReference; lastKnownFileType = sourcecode.c.objc; path = main.m; sourceTree = "<group>"; };
		5C49DB1D1E4AE5E600E72541 /* AppDelegate.h */ = {isa = PBXFileReference; lastKnownFileType = sourcecode.c.h; path = AppDelegate.h; sourceTree = "<group>"; };
		5C49DB1E1E4AE5E600E72541 /* AppDelegate.m */ = {isa = PBXFileReference; lastKnownFileType = sourcecode.c.objc; path = AppDelegate.m; sourceTree = "<group>"; };
		5C49DB201E4AE5E600E72541 /* ViewController.h */ = {isa = PBXFileReference; lastKnownFileType = sourcecode.c.h; path = ViewController.h; sourceTree = "<group>"; };
		5C49DB211E4AE5E600E72541 /* ViewController.m */ = {isa = PBXFileReference; lastKnownFileType = sourcecode.c.objc; path = ViewController.m; sourceTree = "<group>"; };
		5C49DB241E4AE5E600E72541 /* Base */ = {isa = PBXFileReference; lastKnownFileType = file.storyboard; name = Base; path = Base.lproj/Main.storyboard; sourceTree = "<group>"; };
		5C49DB261E4AE5E600E72541 /* Assets.xcassets */ = {isa = PBXFileReference; lastKnownFileType = folder.assetcatalog; path = Assets.xcassets; sourceTree = "<group>"; };
		5C49DB291E4AE5E600E72541 /* Base */ = {isa = PBXFileReference; lastKnownFileType = file.storyboard; name = Base; path = Base.lproj/LaunchScreen.storyboard; sourceTree = "<group>"; };
		5C49DB2B1E4AE5E600E72541 /* Info.plist */ = {isa = PBXFileReference; lastKnownFileType = text.plist.xml; path = Info.plist; sourceTree = "<group>"; };
		5C49DB341E4AE7F600E72541 /* AVOSCloud.framework */ = {isa = PBXFileReference; lastKnownFileType = wrapper.framework; name = AVOSCloud.framework; path = lt/AVOSCloud.framework; sourceTree = "<group>"; };
		5C49DB371E4AE9A400E72541 /* libsqlite3.tbd */ = {isa = PBXFileReference; lastKnownFileType = "sourcecode.text-based-dylib-definition"; name = libsqlite3.tbd; path = usr/lib/libsqlite3.tbd; sourceTree = SDKROOT; };
		5C49DB411E4AEB1500E72541 /* libicucore.tbd */ = {isa = PBXFileReference; lastKnownFileType = "sourcecode.text-based-dylib-definition"; name = libicucore.tbd; path = usr/lib/libicucore.tbd; sourceTree = SDKROOT; };
		5C49DB491E4B03C300E72541 /* User.h */ = {isa = PBXFileReference; fileEncoding = 4; lastKnownFileType = sourcecode.c.h; path = User.h; sourceTree = "<group>"; };
		5C49DB4A1E4B03C300E72541 /* User.m */ = {isa = PBXFileReference; fileEncoding = 4; lastKnownFileType = sourcecode.c.objc; path = User.m; sourceTree = "<group>"; };
/* End PBXFileReference section */

/* Begin PBXFrameworksBuildPhase section */
		5C49DB141E4AE5E600E72541 /* Frameworks */ = {
			isa = PBXFrameworksBuildPhase;
			buildActionMask = 2147483647;
			files = (
				5C49DB421E4AEB1500E72541 /* libicucore.tbd in Frameworks */,
				5C49DB381E4AE9A400E72541 /* libsqlite3.tbd in Frameworks */,
				5C49DB351E4AE7F600E72541 /* AVOSCloud.framework in Frameworks */,
			);
			runOnlyForDeploymentPostprocessing = 0;
		};
/* End PBXFrameworksBuildPhase section */

/* Begin PBXGroup section */
		001FF5EF1E4E160B003B35A8 /* utils */ = {
			isa = PBXGroup;
			children = (
				001FF5F01E4E1625003B35A8 /* LTCommon.h */,
				001FF5F11E4E1625003B35A8 /* LTCommon.m */,
				001FF5F21E4E1625003B35A8 /* NSArray+Extension.h */,
				001FF5F31E4E1625003B35A8 /* NSArray+Extension.m */,
				001FF5F41E4E1625003B35A8 /* NSData+Extension.h */,
				001FF5F51E4E1625003B35A8 /* NSData+Extension.m */,
				001FF5F61E4E1625003B35A8 /* NSDate+Extension.h */,
				001FF5F71E4E1625003B35A8 /* NSDate+Extension.m */,
				001FF5F81E4E1625003B35A8 /* NSObject+Extension.h */,
				001FF5F91E4E1625003B35A8 /* NSObject+Extension.m */,
				001FF5FA1E4E1625003B35A8 /* NSString+Extension.h */,
				001FF5FB1E4E1625003B35A8 /* NSString+Extension.m */,
				001FF5FC1E4E1625003B35A8 /* UIImageView+Extension.h */,
				001FF5FD1E4E1625003B35A8 /* UIImageView+Extension.m */,
			);
			name = utils;
			sourceTree = "<group>";
		};
		5C47ED351E4C078400716D49 /* login */ = {
			isa = PBXGroup;
			children = (
				5C47ED2F1E4C006500716D49 /* LTLoginNc.h */,
				5C47ED301E4C006500716D49 /* LTLoginNc.m */,
				5C47ED391E4C32E300716D49 /* LTLoginVc.h */,
				5C47ED3A1E4C32E300716D49 /* LTLoginVc.m */,
				009743D11E4CBF930042E6CD /* LTRegisterVc.h */,
				009743D21E4CBF930042E6CD /* LTRegisterVc.m */,
				0059142D1E4DC76C00375902 /* LTInputInfoVc.h */,
				0059142E1E4DC76C00375902 /* LTInputInfoVc.m */,
				004D00471E535E1100FA1638 /* LTSelectTagsVc.h */,
				004D00481E535E1100FA1638 /* LTSelectTagsVc.m */,
			);
			name = login;
			sourceTree = "<group>";
		};
		5C49DB0E1E4AE5E600E72541 = {
			isa = PBXGroup;
			children = (
				5C49DB191E4AE5E600E72541 /* lt */,
				5C49DB181E4AE5E600E72541 /* Products */,
				5C49DB361E4AE9A400E72541 /* Frameworks */,
			);
			sourceTree = "<group>";
		};
		5C49DB181E4AE5E600E72541 /* Products */ = {
			isa = PBXGroup;
			children = (
				5C49DB171E4AE5E600E72541 /* lt.app */,
			);
			name = Products;
			sourceTree = "<group>";
		};
		5C49DB191E4AE5E600E72541 /* lt */ = {
			isa = PBXGroup;
			children = (
				5C49DB311E4AE60800E72541 /* libraries */,
				001FF5EF1E4E160B003B35A8 /* utils */,
				5C49DB431E4AEB5B00E72541 /* models */,
				5C49DB451E4AEB6900E72541 /* views */,
				5C49DB441E4AEB6200E72541 /* controllers */,
				5C49DB1D1E4AE5E600E72541 /* AppDelegate.h */,
				5C49DB1E1E4AE5E600E72541 /* AppDelegate.m */,
				5C49DB201E4AE5E600E72541 /* ViewController.h */,
				5C49DB211E4AE5E600E72541 /* ViewController.m */,
				5C49DB231E4AE5E600E72541 /* Main.storyboard */,
				5C49DB261E4AE5E600E72541 /* Assets.xcassets */,
				5C49DB281E4AE5E600E72541 /* LaunchScreen.storyboard */,
				5C49DB2B1E4AE5E600E72541 /* Info.plist */,
				5C49DB1A1E4AE5E600E72541 /* Supporting Files */,
			);
			path = lt;
			sourceTree = "<group>";
		};
		5C49DB1A1E4AE5E600E72541 /* Supporting Files */ = {
			isa = PBXGroup;
			children = (
				5C49DB1B1E4AE5E600E72541 /* main.m */,
			);
			name = "Supporting Files";
			sourceTree = "<group>";
		};
		5C49DB311E4AE60800E72541 /* libraries */ = {
			isa = PBXGroup;
			children = (
				005914291E4DB1CD00375902 /* MBProgressHUD.h */,
				0059142A1E4DB1CD00375902 /* MBProgressHUD.m */,
			);
			name = libraries;
			sourceTree = "<group>";
		};
		5C49DB361E4AE9A400E72541 /* Frameworks */ = {
			isa = PBXGroup;
			children = (
				5C49DB341E4AE7F600E72541 /* AVOSCloud.framework */,
				5C49DB411E4AEB1500E72541 /* libicucore.tbd */,
				5C49DB371E4AE9A400E72541 /* libsqlite3.tbd */,
			);
			name = Frameworks;
			sourceTree = "<group>";
		};
		5C49DB431E4AEB5B00E72541 /* models */ = {
			isa = PBXGroup;
			children = (
				5C44187E1E54216A00D402AF /* Model.h */,
				5C49DB491E4B03C300E72541 /* User.h */,
				5C49DB4A1E4B03C300E72541 /* User.m */,
				004D00441E5357E000FA1638 /* Tag.h */,
				004D00451E5357E000FA1638 /* Tag.m */,
			);
			name = models;
			sourceTree = "<group>";
		};
		5C49DB441E4AEB6200E72541 /* controllers */ = {
			isa = PBXGroup;
			children = (
				5C47ED361E4C314200716D49 /* LTNc.h */,
				5C47ED371E4C314200716D49 /* LTNc.m */,
				5C47ED321E4C073200716D49 /* LTVc.h */,
				5C47ED331E4C073200716D49 /* LTVc.m */,
				5C47ED351E4C078400716D49 /* login */,
			);
			name = controllers;
			sourceTree = "<group>";
		};
		5C49DB451E4AEB6900E72541 /* views */ = {
			isa = PBXGroup;
			children = (
				5C44187F1E543A1D00D402AF /* LTSelectTagCell.h */,
				5C4418801E543A1D00D402AF /* LTSelectTagCell.m */,
			);
			name = views;
			sourceTree = "<group>";
		};
/* End PBXGroup section */

/* Begin PBXNativeTarget section */
		5C49DB161E4AE5E600E72541 /* lt */ = {
			isa = PBXNativeTarget;
			buildConfigurationList = 5C49DB2E1E4AE5E600E72541 /* Build configuration list for PBXNativeTarget "lt" */;
			buildPhases = (
				5C49DB131E4AE5E600E72541 /* Sources */,
				5C49DB141E4AE5E600E72541 /* Frameworks */,
				5C49DB151E4AE5E600E72541 /* Resources */,
			);
			buildRules = (
			);
			dependencies = (
			);
			name = lt;
			productName = lt;
			productReference = 5C49DB171E4AE5E600E72541 /* lt.app */;
			productType = "com.apple.product-type.application";
		};
/* End PBXNativeTarget section */

/* Begin PBXProject section */
		5C49DB0F1E4AE5E600E72541 /* Project object */ = {
			isa = PBXProject;
			attributes = {
				LastUpgradeCheck = 0820;
				ORGANIZATIONNAME = zjz;
				TargetAttributes = {
					5C49DB161E4AE5E600E72541 = {
						CreatedOnToolsVersion = 8.2;
						DevelopmentTeam = 5ZDM7H945X;
						ProvisioningStyle = Automatic;
					};
				};
			};
			buildConfigurationList = 5C49DB121E4AE5E600E72541 /* Build configuration list for PBXProject "lt" */;
			compatibilityVersion = "Xcode 3.2";
			developmentRegion = English;
			hasScannedForEncodings = 0;
			knownRegions = (
				en,
				Base,
			);
			mainGroup = 5C49DB0E1E4AE5E600E72541;
			productRefGroup = 5C49DB181E4AE5E600E72541 /* Products */;
			projectDirPath = "";
			projectRoot = "";
			targets = (
				5C49DB161E4AE5E600E72541 /* lt */,
			);
		};
/* End PBXProject section */

/* Begin PBXResourcesBuildPhase section */
		5C49DB151E4AE5E600E72541 /* Resources */ = {
			isa = PBXResourcesBuildPhase;
			buildActionMask = 2147483647;
			files = (
				5C49DB2A1E4AE5E600E72541 /* LaunchScreen.storyboard in Resources */,
				5C49DB271E4AE5E600E72541 /* Assets.xcassets in Resources */,
				5C49DB251E4AE5E600E72541 /* Main.storyboard in Resources */,
			);
			runOnlyForDeploymentPostprocessing = 0;
		};
/* End PBXResourcesBuildPhase section */

/* Begin PBXSourcesBuildPhase section */
		5C49DB131E4AE5E600E72541 /* Sources */ = {
			isa = PBXSourcesBuildPhase;
			buildActionMask = 2147483647;
			files = (
				5C47ED3B1E4C32E300716D49 /* LTLoginVc.m in Sources */,
				5C49DB4B1E4B03C300E72541 /* User.m in Sources */,
				5C47ED381E4C314200716D49 /* LTNc.m in Sources */,
				5C49DB221E4AE5E600E72541 /* ViewController.m in Sources */,
				001FF5FE1E4E1625003B35A8 /* LTCommon.m in Sources */,
				001FF5FF1E4E1625003B35A8 /* NSArray+Extension.m in Sources */,
				009743D31E4CBF930042E6CD /* LTRegisterVc.m in Sources */,
				0059142F1E4DC76C00375902 /* LTInputInfoVc.m in Sources */,
				001FF6001E4E1625003B35A8 /* NSData+Extension.m in Sources */,
				5C47ED341E4C073200716D49 /* LTVc.m in Sources */,
				5C49DB1F1E4AE5E600E72541 /* AppDelegate.m in Sources */,
				001FF6011E4E1625003B35A8 /* NSDate+Extension.m in Sources */,
				001FF6031E4E1625003B35A8 /* NSString+Extension.m in Sources */,
				0059142B1E4DB1CD00375902 /* MBProgressHUD.m in Sources */,
				5C47ED311E4C006500716D49 /* LTLoginNc.m in Sources */,
				004D00461E5357E000FA1638 /* Tag.m in Sources */,
				5C49DB1C1E4AE5E600E72541 /* main.m in Sources */,
				001FF6041E4E1625003B35A8 /* UIImageView+Extension.m in Sources */,
				001FF6021E4E1625003B35A8 /* NSObject+Extension.m in Sources */,
				004D00491E535E1100FA1638 /* LTSelectTagsVc.m in Sources */,
				5C4418811E543A1D00D402AF /* LTSelectTagCell.m in Sources */,
			);
			runOnlyForDeploymentPostprocessing = 0;
		};
/* End PBXSourcesBuildPhase section */

/* Begin PBXVariantGroup section */
		5C49DB231E4AE5E600E72541 /* Main.storyboard */ = {
			isa = PBXVariantGroup;
			children = (
				5C49DB241E4AE5E600E72541 /* Base */,
			);
			name = Main.storyboard;
			sourceTree = "<group>";
		};
		5C49DB281E4AE5E600E72541 /* LaunchScreen.storyboard */ = {
			isa = PBXVariantGroup;
			children = (
				5C49DB291E4AE5E600E72541 /* Base */,
			);
			name = LaunchScreen.storyboard;
			sourceTree = "<group>";
		};
/* End PBXVariantGroup section */

/* Begin XCBuildConfiguration section */
		5C49DB2C1E4AE5E600E72541 /* Debug */ = {
			isa = XCBuildConfiguration;
			buildSettings = {
				ALWAYS_SEARCH_USER_PATHS = NO;
				CLANG_ANALYZER_NONNULL = YES;
				CLANG_CXX_LANGUAGE_STANDARD = "gnu++0x";
				CLANG_CXX_LIBRARY = "libc++";
				CLANG_ENABLE_MODULES = YES;
				CLANG_ENABLE_OBJC_ARC = YES;
				CLANG_WARN_BOOL_CONVERSION = YES;
				CLANG_WARN_CONSTANT_CONVERSION = YES;
				CLANG_WARN_DIRECT_OBJC_ISA_USAGE = YES_ERROR;
				CLANG_WARN_DOCUMENTATION_COMMENTS = YES;
				CLANG_WARN_EMPTY_BODY = YES;
				CLANG_WARN_ENUM_CONVERSION = YES;
				CLANG_WARN_INFINITE_RECURSION = YES;
				CLANG_WARN_INT_CONVERSION = YES;
				CLANG_WARN_OBJC_ROOT_CLASS = YES_ERROR;
				CLANG_WARN_SUSPICIOUS_MOVE = YES;
				CLANG_WARN_UNREACHABLE_CODE = YES;
				CLANG_WARN__DUPLICATE_METHOD_MATCH = YES;
				"CODE_SIGN_IDENTITY[sdk=iphoneos*]" = "iPhone Developer";
				COPY_PHASE_STRIP = NO;
				DEBUG_INFORMATION_FORMAT = dwarf;
				ENABLE_STRICT_OBJC_MSGSEND = YES;
				ENABLE_TESTABILITY = YES;
				GCC_C_LANGUAGE_STANDARD = gnu99;
				GCC_DYNAMIC_NO_PIC = NO;
				GCC_NO_COMMON_BLOCKS = YES;
				GCC_OPTIMIZATION_LEVEL = 0;
				GCC_PREPROCESSOR_DEFINITIONS = (
					"DEBUG=1",
					"$(inherited)",
				);
				GCC_WARN_64_TO_32_BIT_CONVERSION = YES;
				GCC_WARN_ABOUT_RETURN_TYPE = YES_ERROR;
				GCC_WARN_UNDECLARED_SELECTOR = YES;
				GCC_WARN_UNINITIALIZED_AUTOS = YES_AGGRESSIVE;
				GCC_WARN_UNUSED_FUNCTION = YES;
				GCC_WARN_UNUSED_VARIABLE = YES;
				IPHONEOS_DEPLOYMENT_TARGET = 10.2;
				MTL_ENABLE_DEBUG_INFO = YES;
				ONLY_ACTIVE_ARCH = YES;
				SDKROOT = iphoneos;
			};
			name = Debug;
		};
		5C49DB2D1E4AE5E600E72541 /* Release */ = {
			isa = XCBuildConfiguration;
			buildSettings = {
				ALWAYS_SEARCH_USER_PATHS = NO;
				CLANG_ANALYZER_NONNULL = YES;
				CLANG_CXX_LANGUAGE_STANDARD = "gnu++0x";
				CLANG_CXX_LIBRARY = "libc++";
				CLANG_ENABLE_MODULES = YES;
				CLANG_ENABLE_OBJC_ARC = YES;
				CLANG_WARN_BOOL_CONVERSION = YES;
				CLANG_WARN_CONSTANT_CONVERSION = YES;
				CLANG_WARN_DIRECT_OBJC_ISA_USAGE = YES_ERROR;
				CLANG_WARN_DOCUMENTATION_COMMENTS = YES;
				CLANG_WARN_EMPTY_BODY = YES;
				CLANG_WARN_ENUM_CONVERSION = YES;
				CLANG_WARN_INFINITE_RECURSION = YES;
				CLANG_WARN_INT_CONVERSION = YES;
				CLANG_WARN_OBJC_ROOT_CLASS = YES_ERROR;
				CLANG_WARN_SUSPICIOUS_MOVE = YES;
				CLANG_WARN_UNREACHABLE_CODE = YES;
				CLANG_WARN__DUPLICATE_METHOD_MATCH = YES;
				"CODE_SIGN_IDENTITY[sdk=iphoneos*]" = "iPhone Developer";
				COPY_PHASE_STRIP = NO;
				DEBUG_INFORMATION_FORMAT = "dwarf-with-dsym";
				ENABLE_NS_ASSERTIONS = NO;
				ENABLE_STRICT_OBJC_MSGSEND = YES;
				GCC_C_LANGUAGE_STANDARD = gnu99;
				GCC_NO_COMMON_BLOCKS = YES;
				GCC_WARN_64_TO_32_BIT_CONVERSION = YES;
				GCC_WARN_ABOUT_RETURN_TYPE = YES_ERROR;
				GCC_WARN_UNDECLARED_SELECTOR = YES;
				GCC_WARN_UNINITIALIZED_AUTOS = YES_AGGRESSIVE;
				GCC_WARN_UNUSED_FUNCTION = YES;
				GCC_WARN_UNUSED_VARIABLE = YES;
				IPHONEOS_DEPLOYMENT_TARGET = 10.2;
				MTL_ENABLE_DEBUG_INFO = NO;
				SDKROOT = iphoneos;
				VALIDATE_PRODUCT = YES;
			};
			name = Release;
		};
		5C49DB2F1E4AE5E600E72541 /* Debug */ = {
			isa = XCBuildConfiguration;
			buildSettings = {
				ASSETCATALOG_COMPILER_APPICON_NAME = AppIcon;
				DEVELOPMENT_TEAM = 5ZDM7H945X;
				FRAMEWORK_SEARCH_PATHS = (
					"$(inherited)",
					"$(PROJECT_DIR)/lt",
				);
				INFOPLIST_FILE = lt/Info.plist;
				LD_RUNPATH_SEARCH_PATHS = "$(inherited) @executable_path/Frameworks";
				PRODUCT_BUNDLE_IDENTIFIER = com.zjz.lt;
				PRODUCT_NAME = "$(TARGET_NAME)";
			};
			name = Debug;
		};
		5C49DB301E4AE5E600E72541 /* Release */ = {
			isa = XCBuildConfiguration;
			buildSettings = {
				ASSETCATALOG_COMPILER_APPICON_NAME = AppIcon;
				DEVELOPMENT_TEAM = 5ZDM7H945X;
				FRAMEWORK_SEARCH_PATHS = (
					"$(inherited)",
					"$(PROJECT_DIR)/lt",
				);
				INFOPLIST_FILE = lt/Info.plist;
				LD_RUNPATH_SEARCH_PATHS = "$(inherited) @executable_path/Frameworks";
				PRODUCT_BUNDLE_IDENTIFIER = com.zjz.lt;
				PRODUCT_NAME = "$(TARGET_NAME)";
			};
			name = Release;
		};
/* End XCBuildConfiguration section */

/* Begin XCConfigurationList section */
		5C49DB121E4AE5E600E72541 /* Build configuration list for PBXProject "lt" */ = {
			isa = XCConfigurationList;
			buildConfigurations = (
				5C49DB2C1E4AE5E600E72541 /* Debug */,
				5C49DB2D1E4AE5E600E72541 /* Release */,
			);
			defaultConfigurationIsVisible = 0;
			defaultConfigurationName = Release;
		};
		5C49DB2E1E4AE5E600E72541 /* Build configuration list for PBXNativeTarget "lt" */ = {
			isa = XCConfigurationList;
			buildConfigurations = (
				5C49DB2F1E4AE5E600E72541 /* Debug */,
				5C49DB301E4AE5E600E72541 /* Release */,
			);
			defaultConfigurationIsVisible = 0;
			defaultConfigurationName = Release;
		};
/* End XCConfigurationList section */
	};
	rootObject = 5C49DB0F1E4AE5E600E72541 /* Project object */;
}
